
Microsoft Visual Studio Solution File, Format Version 12.00
# Visual Studio 15
Project("{FAE04EC0-301F-11D3-BF4B-00C04F79EFBC}") = "Assembly-CSharp", "Assembly-CSharp.csproj", "{86F6058B-F1A8-C20C-2AA6-0EE4271BD97B}"
EndProject
Global
	GlobalSection(SolutionConfigurationPlatforms) = preSolution
		Debug|Any CPU = Debug|Any CPU
		Release|Any CPU = Release|Any CPU
	EndGlobalSection
	GlobalSection(ProjectConfigurationPlatforms) = postSolution
		{86F6058B-F1A8-C20C-2AA6-0EE4271BD97B}.Debug|Any CPU.ActiveCfg = Debug|Any CPU
		{86F6058B-F1A8-C20C-2AA6-0EE4271BD97B}.Debug|Any CPU.Build.0 = Debug|Any CPU
		{86F6058B-F1A8-C20C-2AA6-0EE4271BD97B}.Release|Any CPU.ActiveCfg = Release|Any CPU
		{86F6058B-F1A8-C20C-2AA6-0EE4271BD97B}.Release|Any CPU.Build.0 = Release|Any CPU
	EndGlobalSection
	GlobalSection(SolutionProperties) = preSolution
		HideSolutionNode = FALSE
	EndGlobalSection
EndGlobal
